
Microsoft Visual Studio Solution File, Format Version 12.00
# Visual Studio Version 17
VisualStudioVersion = 17.12.35521.163
MinimumVisualStudioVersion = 10.0.40219.1
Project("{FAE04EC0-301F-11D3-BF4B-00C04F79EFBC}") = "Dataccess", "Dataccess\Dataccess.csproj", "{914A8656-3DD6-41E3-BEE0-7B0C68D179F5}"
EndProject
Project("{FAE04EC0-301F-11D3-BF4B-00C04F79EFBC}") = "API", "API\API.csproj", "{9BD92A56-12D4-4F60-903A-AE0BA0A020BA}"
EndProject
Project("{FAE04EC0-301F-11D3-BF4B-00C04F79EFBC}") = "WebApp", "WebApp\WebApp.csproj", "{B9943952-0673-446C-BD7A-27914007F09E}"
EndProject
Project("{FAE04EC0-301F-11D3-BF4B-00C04F79EFBC}") = "Gateway", "Gateway\Gateway.csproj", "{2F145B2B-EDC4-48D7-9E0E-11B4181709D3}"
EndProject
Project("{2150E333-8FDC-42A3-9474-1A3956D46DE8}") = "Soliution Items", "Soliution Items", "{F0D566BF-375F-4C59-9F20-EB7984CD695F}"
	ProjectSection(SolutionItems) = preProject
		compose.yaml = compose.yaml
	EndProjectSection
EndProject
Global
	GlobalSection(SolutionConfigurationPlatforms) = preSolution
		Debug|Any CPU = Debug|Any CPU
		Release|Any CPU = Release|Any CPU
	EndGlobalSection
	GlobalSection(ProjectConfigurationPlatforms) = postSolution
		{914A8656-3DD6-41E3-BEE0-7B0C68D179F5}.Debug|Any CPU.ActiveCfg = Debug|Any CPU
		{914A8656-3DD6-41E3-BEE0-7B0C68D179F5}.Debug|Any CPU.Build.0 = Debug|Any CPU
		{914A8656-3DD6-41E3-BEE0-7B0C68D179F5}.Release|Any CPU.ActiveCfg = Release|Any CPU
		{914A8656-3DD6-41E3-BEE0-7B0C68D179F5}.Release|Any CPU.Build.0 = Release|Any CPU
		{9BD92A56-12D4-4F60-903A-AE0BA0A020BA}.Debug|Any CPU.ActiveCfg = Debug|Any CPU
		{9BD92A56-12D4-4F60-903A-AE0BA0A020BA}.Debug|Any CPU.Build.0 = Debug|Any CPU
		{9BD92A56-12D4-4F60-903A-AE0BA0A020BA}.Release|Any CPU.ActiveCfg = Release|Any CPU
		{9BD92A56-12D4-4F60-903A-AE0BA0A020BA}.Release|Any CPU.Build.0 = Release|Any CPU
		{B9943952-0673-446C-BD7A-27914007F09E}.Debug|Any CPU.ActiveCfg = Debug|Any CPU
		{B9943952-0673-446C-BD7A-27914007F09E}.Debug|Any CPU.Build.0 = Debug|Any CPU
		{B9943952-0673-446C-BD7A-27914007F09E}.Release|Any CPU.ActiveCfg = Release|Any CPU
		{B9943952-0673-446C-BD7A-27914007F09E}.Release|Any CPU.Build.0 = Release|Any CPU
		{2F145B2B-EDC4-48D7-9E0E-11B4181709D3}.Debug|Any CPU.ActiveCfg = Debug|Any CPU
		{2F145B2B-EDC4-48D7-9E0E-11B4181709D3}.Debug|Any CPU.Build.0 = Debug|Any CPU
		{2F145B2B-EDC4-48D7-9E0E-11B4181709D3}.Release|Any CPU.ActiveCfg = Release|Any CPU
		{2F145B2B-EDC4-48D7-9E0E-11B4181709D3}.Release|Any CPU.Build.0 = Release|Any CPU
	EndGlobalSection
	GlobalSection(SolutionProperties) = preSolution
		HideSolutionNode = FALSE
	EndGlobalSection
EndGlobal
